// !$*UTF8*$!
{
	archiveVersion = 1;
	classes = {
	};
	objectVersion = 52;
	objects = {

/* Begin PBXBuildFile section */
		96584B7123919DC500AC9371 /* AppDelegate.swift in Sources */ = {isa = PBXBuildFile; fileRef = 96584B7023919DC500AC9371 /* AppDelegate.swift */; };
		96584B7323919DC500AC9371 /* SceneDelegate.swift in Sources */ = {isa = PBXBuildFile; fileRef = 96584B7223919DC500AC9371 /* SceneDelegate.swift */; };
		96584B7623919DC500AC9371 /* NintendoDispatch.xcdatamodeld in Sources */ = {isa = PBXBuildFile; fileRef = 96584B7423919DC500AC9371 /* NintendoDispatch.xcdatamodeld */; };
		96584B7823919DC500AC9371 /* ContentView.swift in Sources */ = {isa = PBXBuildFile; fileRef = 96584B7723919DC500AC9371 /* ContentView.swift */; };
		96584B7A23919DC500AC9371 /* Assets.xcassets in Resources */ = {isa = PBXBuildFile; fileRef = 96584B7923919DC500AC9371 /* Assets.xcassets */; };
		96584B7D23919DC500AC9371 /* Preview Assets.xcassets in Resources */ = {isa = PBXBuildFile; fileRef = 96584B7C23919DC500AC9371 /* Preview Assets.xcassets */; };
		96584B8023919DC500AC9371 /* LaunchScreen.storyboard in Resources */ = {isa = PBXBuildFile; fileRef = 96584B7E23919DC500AC9371 /* LaunchScreen.storyboard */; };
		96584B892391B3FF00AC9371 /* Episode.swift in Sources */ = {isa = PBXBuildFile; fileRef = 96584B882391B3FF00AC9371 /* Episode.swift */; };
		96584B8C2391B7B300AC9371 /* episodeData.json in Resources */ = {isa = PBXBuildFile; fileRef = 96584B8B2391B7B300AC9371 /* episodeData.json */; };
		96584B912391BBE200AC9371 /* EpisodeRowView.swift in Sources */ = {isa = PBXBuildFile; fileRef = 96584B902391BBE200AC9371 /* EpisodeRowView.swift */; };
		96584B932391C1A700AC9371 /* EpisodeList.swift in Sources */ = {isa = PBXBuildFile; fileRef = 96584B922391C1A700AC9371 /* EpisodeList.swift */; };
		96E4F9152391C80400FF4EEA /* Data.swift in Sources */ = {isa = PBXBuildFile; fileRef = 96E4F9142391C80400FF4EEA /* Data.swift */; };
		96E4F9172391D24C00FF4EEA /* EpisodeDetail.swift in Sources */ = {isa = PBXBuildFile; fileRef = 96E4F9162391D24C00FF4EEA /* EpisodeDetail.swift */; };
		96E4F9192392CF3900FF4EEA /* CircleImage.swift in Sources */ = {isa = PBXBuildFile; fileRef = 96E4F9182392CF3900FF4EEA /* CircleImage.swift */; };
		96E4F91C2392D1D600FF4EEA /* URLImage in Frameworks */ = {isa = PBXBuildFile; productRef = 96E4F91B2392D1D600FF4EEA /* URLImage */; };
		96E4F920239311A500FF4EEA /* PlayerView.swift in Sources */ = {isa = PBXBuildFile; fileRef = 96E4F91F239311A500FF4EEA /* PlayerView.swift */; };
		96E4F9222393120F00FF4EEA /* PlayerUIView.swift in Sources */ = {isa = PBXBuildFile; fileRef = 96E4F9212393120F00FF4EEA /* PlayerUIView.swift */; };
		96E4F924239321B500FF4EEA /* PlayerContainerView.swift in Sources */ = {isa = PBXBuildFile; fileRef = 96E4F923239321B500FF4EEA /* PlayerContainerView.swift */; };
		96E4F9262393235B00FF4EEA /* PlayerControlsView.swift in Sources */ = {isa = PBXBuildFile; fileRef = 96E4F9252393235B00FF4EEA /* PlayerControlsView.swift */; };
/* End PBXBuildFile section */

/* Begin PBXFileReference section */
		96584B6D23919DC500AC9371 /* NintendoDispatch.app */ = {isa = PBXFileReference; explicitFileType = wrapper.application; includeInIndex = 0; path = NintendoDispatch.app; sourceTree = BUILT_PRODUCTS_DIR; };
		96584B7023919DC500AC9371 /* AppDelegate.swift */ = {isa = PBXFileReference; lastKnownFileType = sourcecode.swift; path = AppDelegate.swift; sourceTree = "<group>"; };
		96584B7223919DC500AC9371 /* SceneDelegate.swift */ = {isa = PBXFileReference; lastKnownFileType = sourcecode.swift; path = SceneDelegate.swift; sourceTree = "<group>"; };
		96584B7523919DC500AC9371 /* NintendoDispatch.xcdatamodel */ = {isa = PBXFileReference; lastKnownFileType = wrapper.xcdatamodel; path = NintendoDispatch.xcdatamodel; sourceTree = "<group>"; };
		96584B7723919DC500AC9371 /* ContentView.swift */ = {isa = PBXFileReference; lastKnownFileType = sourcecode.swift; path = ContentView.swift; sourceTree = "<group>"; };
		96584B7923919DC500AC9371 /* Assets.xcassets */ = {isa = PBXFileReference; lastKnownFileType = folder.assetcatalog; path = Assets.xcassets; sourceTree = "<group>"; };
		96584B7C23919DC500AC9371 /* Preview Assets.xcassets */ = {isa = PBXFileReference; lastKnownFileType = folder.assetcatalog; path = "Preview Assets.xcassets"; sourceTree = "<group>"; };
		96584B7F23919DC500AC9371 /* Base */ = {isa = PBXFileReference; lastKnownFileType = file.storyboard; name = Base; path = Base.lproj/LaunchScreen.storyboard; sourceTree = "<group>"; };
		96584B8123919DC500AC9371 /* Info.plist */ = {isa = PBXFileReference; lastKnownFileType = text.plist.xml; path = Info.plist; sourceTree = "<group>"; };
		96584B882391B3FF00AC9371 /* Episode.swift */ = {isa = PBXFileReference; lastKnownFileType = sourcecode.swift; path = Episode.swift; sourceTree = "<group>"; };
		96584B8B2391B7B300AC9371 /* episodeData.json */ = {isa = PBXFileReference; fileEncoding = 4; lastKnownFileType = text.json; path = episodeData.json; sourceTree = "<group>"; };
		96584B902391BBE200AC9371 /* EpisodeRowView.swift */ = {isa = PBXFileReference; lastKnownFileType = sourcecode.swift; path = EpisodeRowView.swift; sourceTree = "<group>"; };
		96584B922391C1A700AC9371 /* EpisodeList.swift */ = {isa = PBXFileReference; lastKnownFileType = sourcecode.swift; path = EpisodeList.swift; sourceTree = "<group>"; };
		96E4F9142391C80400FF4EEA /* Data.swift */ = {isa = PBXFileReference; lastKnownFileType = sourcecode.swift; path = Data.swift; sourceTree = "<group>"; };
		96E4F9162391D24C00FF4EEA /* EpisodeDetail.swift */ = {isa = PBXFileReference; lastKnownFileType = sourcecode.swift; path = EpisodeDetail.swift; sourceTree = "<group>"; };
		96E4F9182392CF3900FF4EEA /* CircleImage.swift */ = {isa = PBXFileReference; lastKnownFileType = sourcecode.swift; path = CircleImage.swift; sourceTree = "<group>"; };
		96E4F91F239311A500FF4EEA /* PlayerView.swift */ = {isa = PBXFileReference; lastKnownFileType = sourcecode.swift; path = PlayerView.swift; sourceTree = "<group>"; };
		96E4F9212393120F00FF4EEA /* PlayerUIView.swift */ = {isa = PBXFileReference; lastKnownFileType = sourcecode.swift; path = PlayerUIView.swift; sourceTree = "<group>"; };
		96E4F923239321B500FF4EEA /* PlayerContainerView.swift */ = {isa = PBXFileReference; lastKnownFileType = sourcecode.swift; path = PlayerContainerView.swift; sourceTree = "<group>"; };
		96E4F9252393235B00FF4EEA /* PlayerControlsView.swift */ = {isa = PBXFileReference; lastKnownFileType = sourcecode.swift; path = PlayerControlsView.swift; sourceTree = "<group>"; };
/* End PBXFileReference section */

/* Begin PBXFrameworksBuildPhase section */
		96584B6A23919DC500AC9371 /* Frameworks */ = {
			isa = PBXFrameworksBuildPhase;
			buildActionMask = 2147483647;
			files = (
				96E4F91C2392D1D600FF4EEA /* URLImage in Frameworks */,
			);
			runOnlyForDeploymentPostprocessing = 0;
		};
/* End PBXFrameworksBuildPhase section */

/* Begin PBXGroup section */
		96584B6423919DC500AC9371 = {
			isa = PBXGroup;
			children = (
				96584B6F23919DC500AC9371 /* NintendoDispatch */,
				96584B6E23919DC500AC9371 /* Products */,
			);
			sourceTree = "<group>";
		};
		96584B6E23919DC500AC9371 /* Products */ = {
			isa = PBXGroup;
			children = (
				96584B6D23919DC500AC9371 /* NintendoDispatch.app */,
			);
			name = Products;
			sourceTree = "<group>";
		};
		96584B6F23919DC500AC9371 /* NintendoDispatch */ = {
			isa = PBXGroup;
			children = (
				96E4F91E2393118A00FF4EEA /* Controls */,
				96584B8D2391B87D00AC9371 /* Views */,
				96584B8A2391B79100AC9371 /* Resources */,
				96584B872391B3E700AC9371 /* Models */,
				96584B7023919DC500AC9371 /* AppDelegate.swift */,
				96584B7223919DC500AC9371 /* SceneDelegate.swift */,
				96584B7723919DC500AC9371 /* ContentView.swift */,
				96584B7923919DC500AC9371 /* Assets.xcassets */,
				96584B7E23919DC500AC9371 /* LaunchScreen.storyboard */,
				96584B8123919DC500AC9371 /* Info.plist */,
				96584B7423919DC500AC9371 /* NintendoDispatch.xcdatamodeld */,
				96584B7B23919DC500AC9371 /* Preview Content */,
			);
			path = NintendoDispatch;
			sourceTree = "<group>";
		};
		96584B7B23919DC500AC9371 /* Preview Content */ = {
			isa = PBXGroup;
			children = (
				96584B7C23919DC500AC9371 /* Preview Assets.xcassets */,
			);
			path = "Preview Content";
			sourceTree = "<group>";
		};
		96584B872391B3E700AC9371 /* Models */ = {
			isa = PBXGroup;
			children = (
				96584B882391B3FF00AC9371 /* Episode.swift */,
				96E4F9142391C80400FF4EEA /* Data.swift */,
			);
			path = Models;
			sourceTree = "<group>";
		};
		96584B8A2391B79100AC9371 /* Resources */ = {
			isa = PBXGroup;
			children = (
				96584B8B2391B7B300AC9371 /* episodeData.json */,
			);
			path = Resources;
			sourceTree = "<group>";
		};
		96584B8D2391B87D00AC9371 /* Views */ = {
			isa = PBXGroup;
			children = (
				96584B902391BBE200AC9371 /* EpisodeRowView.swift */,
				96584B922391C1A700AC9371 /* EpisodeList.swift */,
				96E4F9162391D24C00FF4EEA /* EpisodeDetail.swift */,
				96E4F9182392CF3900FF4EEA /* CircleImage.swift */,
				96E4F9212393120F00FF4EEA /* PlayerUIView.swift */,
				96E4F923239321B500FF4EEA /* PlayerContainerView.swift */,
				96E4F9252393235B00FF4EEA /* PlayerControlsView.swift */,
			);
			path = Views;
			sourceTree = "<group>";
		};
		96E4F91E2393118A00FF4EEA /* Controls */ = {
			isa = PBXGroup;
			children = (
				96E4F91F239311A500FF4EEA /* PlayerView.swift */,
			);
			path = Controls;
			sourceTree = "<group>";
		};
/* End PBXGroup section */

/* Begin PBXNativeTarget section */
		96584B6C23919DC500AC9371 /* NintendoDispatch */ = {
			isa = PBXNativeTarget;
			buildConfigurationList = 96584B8423919DC500AC9371 /* Build configuration list for PBXNativeTarget "NintendoDispatch" */;
			buildPhases = (
				96584B6923919DC500AC9371 /* Sources */,
				96584B6A23919DC500AC9371 /* Frameworks */,
				96584B6B23919DC500AC9371 /* Resources */,
			);
			buildRules = (
			);
			dependencies = (
			);
			name = NintendoDispatch;
			packageProductDependencies = (
				96E4F91B2392D1D600FF4EEA /* URLImage */,
			);
			productName = NintendoDispatch;
			productReference = 96584B6D23919DC500AC9371 /* NintendoDispatch.app */;
			productType = "com.apple.product-type.application";
		};
/* End PBXNativeTarget section */

/* Begin PBXProject section */
		96584B6523919DC500AC9371 /* Project object */ = {
			isa = PBXProject;
			attributes = {
				LastSwiftUpdateCheck = 1120;
				LastUpgradeCheck = 1120;
				ORGANIZATIONNAME = "Limit Break Technology Ltd";
				TargetAttributes = {
					96584B6C23919DC500AC9371 = {
						CreatedOnToolsVersion = 11.2.1;
					};
				};
			};
			buildConfigurationList = 96584B6823919DC500AC9371 /* Build configuration list for PBXProject "NintendoDispatch" */;
			compatibilityVersion = "Xcode 9.3";
			developmentRegion = en;
			hasScannedForEncodings = 0;
			knownRegions = (
				en,
				Base,
			);
			mainGroup = 96584B6423919DC500AC9371;
			packageReferences = (
				96E4F91A2392D1D600FF4EEA /* XCRemoteSwiftPackageReference "url-image" */,
			);
			productRefGroup = 96584B6E23919DC500AC9371 /* Products */;
			projectDirPath = "";
			projectRoot = "";
			targets = (
				96584B6C23919DC500AC9371 /* NintendoDispatch */,
			);
		};
/* End PBXProject section */

/* Begin PBXResourcesBuildPhase section */
		96584B6B23919DC500AC9371 /* Resources */ = {
			isa = PBXResourcesBuildPhase;
			buildActionMask = 2147483647;
			files = (
				96584B8C2391B7B300AC9371 /* episodeData.json in Resources */,
				96584B8023919DC500AC9371 /* LaunchScreen.storyboard in Resources */,
				96584B7D23919DC500AC9371 /* Preview Assets.xcassets in Resources */,
				96584B7A23919DC500AC9371 /* Assets.xcassets in Resources */,
			);
			runOnlyForDeploymentPostprocessing = 0;
		};
/* End PBXResourcesBuildPhase section */

/* Begin PBXSourcesBuildPhase section */
		96584B6923919DC500AC9371 /* Sources */ = {
			isa = PBXSourcesBuildPhase;
			buildActionMask = 2147483647;
			files = (
				96584B7123919DC500AC9371 /* AppDelegate.swift in Sources */,
				96584B7323919DC500AC9371 /* SceneDelegate.swift in Sources */,
				96584B7823919DC500AC9371 /* ContentView.swift in Sources */,
				96E4F920239311A500FF4EEA /* PlayerView.swift in Sources */,
				96E4F924239321B500FF4EEA /* PlayerContainerView.swift in Sources */,
				96584B932391C1A700AC9371 /* EpisodeList.swift in Sources */,
				96584B892391B3FF00AC9371 /* Episode.swift in Sources */,
				96584B7623919DC500AC9371 /* NintendoDispatch.xcdatamodeld in Sources */,
				96E4F9172391D24C00FF4EEA /* EpisodeDetail.swift in Sources */,
				96E4F9262393235B00FF4EEA /* PlayerControlsView.swift in Sources */,
				96584B912391BBE200AC9371 /* EpisodeRowView.swift in Sources */,
				96E4F9152391C80400FF4EEA /* Data.swift in Sources */,
				96E4F9192392CF3900FF4EEA /* CircleImage.swift in Sources */,
				96E4F9222393120F00FF4EEA /* PlayerUIView.swift in Sources */,
			);
			runOnlyForDeploymentPostprocessing = 0;
		};
/* End PBXSourcesBuildPhase section */

/* Begin PBXVariantGroup section */
		96584B7E23919DC500AC9371 /* LaunchScreen.storyboard */ = {
			isa = PBXVariantGroup;
			children = (
				96584B7F23919DC500AC9371 /* Base */,
			);
			name = LaunchScreen.storyboard;
			sourceTree = "<group>";
		};
/* End PBXVariantGroup section */

/* Begin XCBuildConfiguration section */
		96584B8223919DC500AC9371 /* Debug */ = {
			isa = XCBuildConfiguration;
			buildSettings = {
				ALWAYS_SEARCH_USER_PATHS = NO;
				CLANG_ANALYZER_NONNULL = YES;
				CLANG_ANALYZER_NUMBER_OBJECT_CONVERSION = YES_AGGRESSIVE;
				CLANG_CXX_LANGUAGE_STANDARD = "gnu++14";
				CLANG_CXX_LIBRARY = "libc++";
				CLANG_ENABLE_MODULES = YES;
				CLANG_ENABLE_OBJC_ARC = YES;
				CLANG_ENABLE_OBJC_WEAK = YES;
				CLANG_WARN_BLOCK_CAPTURE_AUTORELEASING = YES;
				CLANG_WARN_BOOL_CONVERSION = YES;
				CLANG_WARN_COMMA = YES;
				CLANG_WARN_CONSTANT_CONVERSION = YES;
				CLANG_WARN_DEPRECATED_OBJC_IMPLEMENTATIONS = YES;
				CLANG_WARN_DIRECT_OBJC_ISA_USAGE = YES_ERROR;
				CLANG_WARN_DOCUMENTATION_COMMENTS = YES;
				CLANG_WARN_EMPTY_BODY = YES;
				CLANG_WARN_ENUM_CONVERSION = YES;
				CLANG_WARN_INFINITE_RECURSION = YES;
				CLANG_WARN_INT_CONVERSION = YES;
				CLANG_WARN_NON_LITERAL_NULL_CONVERSION = YES;
				CLANG_WARN_OBJC_IMPLICIT_RETAIN_SELF = YES;
				CLANG_WARN_OBJC_LITERAL_CONVERSION = YES;
				CLANG_WARN_OBJC_ROOT_CLASS = YES_ERROR;
				CLANG_WARN_RANGE_LOOP_ANALYSIS = YES;
				CLANG_WARN_STRICT_PROTOTYPES = YES;
				CLANG_WARN_SUSPICIOUS_MOVE = YES;
				CLANG_WARN_UNGUARDED_AVAILABILITY = YES_AGGRESSIVE;
				CLANG_WARN_UNREACHABLE_CODE = YES;
				CLANG_WARN__DUPLICATE_METHOD_MATCH = YES;
				COPY_PHASE_STRIP = NO;
				DEBUG_INFORMATION_FORMAT = dwarf;
				ENABLE_STRICT_OBJC_MSGSEND = YES;
				ENABLE_TESTABILITY = YES;
				GCC_C_LANGUAGE_STANDARD = gnu11;
				GCC_DYNAMIC_NO_PIC = NO;
				GCC_NO_COMMON_BLOCKS = YES;
				GCC_OPTIMIZATION_LEVEL = 0;
				GCC_PREPROCESSOR_DEFINITIONS = (
					"DEBUG=1",
					"$(inherited)",
				);
				GCC_WARN_64_TO_32_BIT_CONVERSION = YES;
				GCC_WARN_ABOUT_RETURN_TYPE = YES_ERROR;
				GCC_WARN_UNDECLARED_SELECTOR = YES;
				GCC_WARN_UNINITIALIZED_AUTOS = YES_AGGRESSIVE;
				GCC_WARN_UNUSED_FUNCTION = YES;
				GCC_WARN_UNUSED_VARIABLE = YES;
				IPHONEOS_DEPLOYMENT_TARGET = 13.2;
				MTL_ENABLE_DEBUG_INFO = INCLUDE_SOURCE;
				MTL_FAST_MATH = YES;
				ONLY_ACTIVE_ARCH = YES;
				SDKROOT = iphoneos;
				SWIFT_ACTIVE_COMPILATION_CONDITIONS = DEBUG;
				SWIFT_OPTIMIZATION_LEVEL = "-Onone";
			};
			name = Debug;
		};
		96584B8323919DC500AC9371 /* Release */ = {
			isa = XCBuildConfiguration;
			buildSettings = {
				ALWAYS_SEARCH_USER_PATHS = NO;
				CLANG_ANALYZER_NONNULL = YES;
				CLANG_ANALYZER_NUMBER_OBJECT_CONVERSION = YES_AGGRESSIVE;
				CLANG_CXX_LANGUAGE_STANDARD = "gnu++14";
				CLANG_CXX_LIBRARY = "libc++";
				CLANG_ENABLE_MODULES = YES;
				CLANG_ENABLE_OBJC_ARC = YES;
				CLANG_ENABLE_OBJC_WEAK = YES;
				CLANG_WARN_BLOCK_CAPTURE_AUTORELEASING = YES;
				CLANG_WARN_BOOL_CONVERSION = YES;
				CLANG_WARN_COMMA = YES;
				CLANG_WARN_CONSTANT_CONVERSION = YES;
				CLANG_WARN_DEPRECATED_OBJC_IMPLEMENTATIONS = YES;
				CLANG_WARN_DIRECT_OBJC_ISA_USAGE = YES_ERROR;
				CLANG_WARN_DOCUMENTATION_COMMENTS = YES;
				CLANG_WARN_EMPTY_BODY = YES;
				CLANG_WARN_ENUM_CONVERSION = YES;
				CLANG_WARN_INFINITE_RECURSION = YES;
				CLANG_WARN_INT_CONVERSION = YES;
				CLANG_WARN_NON_LITERAL_NULL_CONVERSION = YES;
				CLANG_WARN_OBJC_IMPLICIT_RETAIN_SELF = YES;
				CLANG_WARN_OBJC_LITERAL_CONVERSION = YES;
				CLANG_WARN_OBJC_ROOT_CLASS = YES_ERROR;
				CLANG_WARN_RANGE_LOOP_ANALYSIS = YES;
				CLANG_WARN_STRICT_PROTOTYPES = YES;
				CLANG_WARN_SUSPICIOUS_MOVE = YES;
				CLANG_WARN_UNGUARDED_AVAILABILITY = YES_AGGRESSIVE;
				CLANG_WARN_UNREACHABLE_CODE = YES;
				CLANG_WARN__DUPLICATE_METHOD_MATCH = YES;
				COPY_PHASE_STRIP = NO;
				DEBUG_INFORMATION_FORMAT = "dwarf-with-dsym";
				ENABLE_NS_ASSERTIONS = NO;
				ENABLE_STRICT_OBJC_MSGSEND = YES;
				GCC_C_LANGUAGE_STANDARD = gnu11;
				GCC_NO_COMMON_BLOCKS = YES;
				GCC_WARN_64_TO_32_BIT_CONVERSION = YES;
				GCC_WARN_ABOUT_RETURN_TYPE = YES_ERROR;
				GCC_WARN_UNDECLARED_SELECTOR = YES;
				GCC_WARN_UNINITIALIZED_AUTOS = YES_AGGRESSIVE;
				GCC_WARN_UNUSED_FUNCTION = YES;
				GCC_WARN_UNUSED_VARIABLE = YES;
				IPHONEOS_DEPLOYMENT_TARGET = 13.2;
				MTL_ENABLE_DEBUG_INFO = NO;
				MTL_FAST_MATH = YES;
				SDKROOT = iphoneos;
				SWIFT_COMPILATION_MODE = wholemodule;
				SWIFT_OPTIMIZATION_LEVEL = "-O";
				VALIDATE_PRODUCT = YES;
			};
			name = Release;
		};
		96584B8523919DC500AC9371 /* Debug */ = {
			isa = XCBuildConfiguration;
			buildSettings = {
				ASSETCATALOG_COMPILER_APPICON_NAME = AppIcon;
				CODE_SIGN_STYLE = Automatic;
				DEVELOPMENT_ASSET_PATHS = "\"NintendoDispatch/Preview Content\"";
				DEVELOPMENT_TEAM = TJ5KNLVF98;
				ENABLE_PREVIEWS = YES;
				INFOPLIST_FILE = NintendoDispatch/Info.plist;
				LD_RUNPATH_SEARCH_PATHS = (
					"$(inherited)",
					"@executable_path/Frameworks",
				);
				PRODUCT_BUNDLE_IDENTIFIER = tech.limitbreak.NintendoDispatch;
				PRODUCT_NAME = "$(TARGET_NAME)";
				SWIFT_VERSION = 5.0;
				TARGETED_DEVICE_FAMILY = "1,2";
			};
			name = Debug;
		};
		96584B8623919DC500AC9371 /* Release */ = {
			isa = XCBuildConfiguration;
			buildSettings = {
				ASSETCATALOG_COMPILER_APPICON_NAME = AppIcon;
				CODE_SIGN_STYLE = Automatic;
				DEVELOPMENT_ASSET_PATHS = "\"NintendoDispatch/Preview Content\"";
				DEVELOPMENT_TEAM = TJ5KNLVF98;
				ENABLE_PREVIEWS = YES;
				INFOPLIST_FILE = NintendoDispatch/Info.plist;
				LD_RUNPATH_SEARCH_PATHS = (
					"$(inherited)",
					"@executable_path/Frameworks",
				);
				PRODUCT_BUNDLE_IDENTIFIER = tech.limitbreak.NintendoDispatch;
				PRODUCT_NAME = "$(TARGET_NAME)";
				SWIFT_VERSION = 5.0;
				TARGETED_DEVICE_FAMILY = "1,2";
			};
			name = Release;
		};
/* End XCBuildConfiguration section */

/* Begin XCConfigurationList section */
		96584B6823919DC500AC9371 /* Build configuration list for PBXProject "NintendoDispatch" */ = {
			isa = XCConfigurationList;
			buildConfigurations = (
				96584B8223919DC500AC9371 /* Debug */,
				96584B8323919DC500AC9371 /* Release */,
			);
			defaultConfigurationIsVisible = 0;
			defaultConfigurationName = Release;
		};
		96584B8423919DC500AC9371 /* Build configuration list for PBXNativeTarget "NintendoDispatch" */ = {
			isa = XCConfigurationList;
			buildConfigurations = (
				96584B8523919DC500AC9371 /* Debug */,
				96584B8623919DC500AC9371 /* Release */,
			);
			defaultConfigurationIsVisible = 0;
			defaultConfigurationName = Release;
		};
/* End XCConfigurationList section */

/* Begin XCRemoteSwiftPackageReference section */
		96E4F91A2392D1D600FF4EEA /* XCRemoteSwiftPackageReference "url-image" */ = {
			isa = XCRemoteSwiftPackageReference;
			repositoryURL = "https://github.com/dmytro-anokhin/url-image.git";
			requirement = {
				kind = upToNextMajorVersion;
				minimumVersion = 0.9.9;
			};
		};
/* End XCRemoteSwiftPackageReference section */

/* Begin XCSwiftPackageProductDependency section */
		96E4F91B2392D1D600FF4EEA /* URLImage */ = {
			isa = XCSwiftPackageProductDependency;
			package = 96E4F91A2392D1D600FF4EEA /* XCRemoteSwiftPackageReference "url-image" */;
			productName = URLImage;
		};
/* End XCSwiftPackageProductDependency section */

/* Begin XCVersionGroup section */
		96584B7423919DC500AC9371 /* NintendoDispatch.xcdatamodeld */ = {
			isa = XCVersionGroup;
			children = (
				96584B7523919DC500AC9371 /* NintendoDispatch.xcdatamodel */,
			);
			currentVersion = 96584B7523919DC500AC9371 /* NintendoDispatch.xcdatamodel */;
			path = NintendoDispatch.xcdatamodeld;
			sourceTree = "<group>";
			versionGroupType = wrapper.xcdatamodel;
		};
/* End XCVersionGroup section */
	};
	rootObject = 96584B6523919DC500AC9371 /* Project object */;
}
